<?xml version="1.0" encoding="utf-8"?>
<Project ToolsVersion="4.0" xmlns="http://schemas.microsoft.com/developer/msbuild/2003">
  <ItemGroup>
    <Filter Include="Исходные файлы">
      <UniqueIdentifier>{4FC737F1-C7A5-4376-A066-2A32D752A2FF}</UniqueIdentifier>
      <Extensions>cpp;c;cc;cxx;def;odl;idl;hpj;bat;asm;asmx</Extensions>
    </Filter>
    <Filter Include="Файлы заголовков">
      <UniqueIdentifier>{93995380-89BD-4b04-88EB-625FBE52EBFB}</UniqueIdentifier>
      <Extensions>h;hh;hpp;hxx;hm;inl;inc;ipp;xsd</Extensions>
    </Filter>
    <Filter Include="Файлы ресурсов">
      <UniqueIdentifier>{67DA6AB6-F800-4c08-8B7A-83BB121AAD01}</UniqueIdentifier>
      <Extensions>rc;ico;cur;bmp;dlg;rc2;rct;bin;rgs;gif;jpg;jpeg;jpe;resx;tiff;tif;png;wav;mfcribbon-ms</Extensions>
    </Filter>
  </ItemGroup>
  <ItemGroup>
    <ClCompile Include="main.cpp">
      <Filter>Файлы заголовков</Filter>
    </ClCompile>
    <ClCompile Include="Units\ARCHER.cpp">
      <Filter>Исходные файлы</Filter>
    </ClCompile>
    <ClCompile Include="Units\BUILDER.cpp">
      <Filter>Исходные файлы</Filter>
    </ClCompile>
    <ClCompile Include="Units\HERO.cpp">
      <Filter>Исходные файлы</Filter>
    </ClCompile>
    <ClCompile Include="Units\HORSEMAN.cpp">
      <Filter>Исходные файлы</Filter>
    </ClCompile>
    <ClCompile Include="Units\NPC.cpp">
      <Filter>Исходные файлы</Filter>
    </ClCompile>
    <ClCompile Include="Units\SOLDIER.cpp">
      <Filter>Исходные файлы</Filter>
    </ClCompile>
    <ClCompile Include="Limit_extension\CASERN.cpp">
      <Filter>Исходные файлы</Filter>
    </ClCompile>
    <ClCompile Include="Limit_extension\FARM.cpp">
      <Filter>Исходные файлы</Filter>
    </ClCompile>
    <ClCompile Include="Limit_extension\FORGE.cpp">
      <Filter>Исходные файлы</Filter>
    </ClCompile>
    <ClCompile Include="Limit_extension\HALL_OF_HEROES.cpp">
      <Filter>Исходные файлы</Filter>
    </ClCompile>
    <ClCompile Include="Limit_extension\HOUSE.cpp">
      <Filter>Исходные файлы</Filter>
    </ClCompile>
    <ClCompile Include="Limit_extension\Limit_Basis.cpp">
      <Filter>Исходные файлы</Filter>
    </ClCompile>
    <ClCompile Include="Hunting\GOBLIN.cpp">
      <Filter>Исходные файлы</Filter>
    </ClCompile>
    <ClCompile Include="Hunting\GOBLIN_ARCHER.cpp">
      <Filter>Исходные файлы</Filter>
    </ClCompile>
    <ClCompile Include="Hunting\GOBLIN_HORSEMAN.cpp">
      <Filter>Исходные файлы</Filter>
    </ClCompile>
    <ClCompile Include="Basis\BASIS.cpp">
      <Filter>Исходные файлы</Filter>
    </ClCompile>
    <ClCompile Include="Basis\HUNTING.cpp">
      <Filter>Исходные файлы</Filter>
    </ClCompile>
    <ClCompile Include="Basis\Interface.cpp">
      <Filter>Исходные файлы</Filter>
    </ClCompile>
    <ClCompile Include="Basis\TextWord.cpp">
      <Filter>Исходные файлы</Filter>
    </ClCompile>
    <ClCompile Include="Basis\SHRINE.cpp">
      <Filter>Исходные файлы</Filter>
    </ClCompile>
  </ItemGroup>
  <ItemGroup>
    <ClInclude Include="Units\ARCHER.h">
      <Filter>Файлы заголовков</Filter>
    </ClInclude>
    <ClInclude Include="Units\BUILDER.h">
      <Filter>Файлы заголовков</Filter>
    </ClInclude>
    <ClInclude Include="Units\HERO.h">
      <Filter>Файлы заголовков</Filter>
    </ClInclude>
    <ClInclude Include="Units\HORSEMAN.h">
      <Filter>Файлы заголовков</Filter>
    </ClInclude>
    <ClInclude Include="Units\NPC.h">
      <Filter>Файлы заголовков</Filter>
    </ClInclude>
    <ClInclude Include="Units\SOLDIER.h">
      <Filter>Файлы заголовков</Filter>
    </ClInclude>
    <ClInclude Include="Limit_extension\CASERN.h">
      <Filter>Файлы заголовков</Filter>
    </ClInclude>
    <ClInclude Include="Limit_extension\FARM.h">
      <Filter>Файлы заголовков</Filter>
    </ClInclude>
    <ClInclude Include="Limit_extension\FORGE.h">
      <Filter>Файлы заголовков</Filter>
    </ClInclude>
    <ClInclude Include="Limit_extension\HALL_OF_HEROES.h">
      <Filter>Файлы заголовков</Filter>
    </ClInclude>
    <ClInclude Include="Limit_extension\HOUSE.h">
      <Filter>Файлы заголовков</Filter>
    </ClInclude>
    <ClInclude Include="Limit_extension\Limit_Basis.h">
      <Filter>Файлы заголовков</Filter>
    </ClInclude>
    <ClInclude Include="Hunting\GOBLIN.h">
      <Filter>Файлы заголовков</Filter>
    </ClInclude>
    <ClInclude Include="Hunting\GOBLIN_ARCHER.h">
      <Filter>Файлы заголовков</Filter>
    </ClInclude>
    <ClInclude Include="Hunting\GOBLIN_HORSEMAN.h">
      <Filter>Файлы заголовков</Filter>
    </ClInclude>
    <ClInclude Include="Basis\BASIS.h">
      <Filter>Файлы заголовков</Filter>
    </ClInclude>
    <ClInclude Include="Basis\HUNTING.h">
      <Filter>Файлы заголовков</Filter>
    </ClInclude>
    <ClInclude Include="Basis\Interface.h">
      <Filter>Файлы заголовков</Filter>
    </ClInclude>
    <ClInclude Include="Basis\TextWord.h">
      <Filter>Файлы заголовков</Filter>
    </ClInclude>
    <ClInclude Include="Basis\SHRINE.h">
      <Filter>Файлы заголовков</Filter>
    </ClInclude>
  </ItemGroup>
</Project>